{
  "name": "homeassistant-cli",
  "version": "1.0.3",
  "lockfileVersion": 1,
  "requires": true,
  "dependencies": {
    "async-limiter": {
      "version": "1.0.0",
      "resolved": "https://registry.npmjs.org/async-limiter/-/async-limiter-1.0.0.tgz",
      "integrity": "sha512-jp/uFnooOiO+L211eZOoSyzpOITMXx1rBITauYykG3BRYPu8h0UcxsPNB04RR5vo4Tyz3+ay17tR6JVf9qzYWg=="
    },
    "commander": {
      "version": "2.11.0",
      "resolved": "https://registry.npmjs.org/commander/-/commander-2.11.0.tgz",
      "integrity": "sha512-b0553uYA5YAEGgyYIGYROzKQ7X5RAqedkfjiZxwi0kL1g3bOaBNNZfYkzt/CL0umgD5wc9Jec2FbB98CjkMRvQ=="
    },
    "node-homeassistant": {
      "version": "1.5.0",
      "resolved": "https://registry.npmjs.org/node-homeassistant/-/node-homeassistant-1.5.0.tgz",
      "integrity": "sha512-Vz2DtVHgEUm3DVr9RCGaYMH5PjiC4lEiYhHIPN2GtfQdUICc3yqZaflYM5e71GUHqEKkAC2kl4A9XzryUX1C+Q==",
      "requires": {
        "ws": "^6.0.0"
      }
    },
    "ws": {
      "version": "6.0.0",
      "resolved": "https://registry.npmjs.org/ws/-/ws-6.0.0.tgz",
      "integrity": "sha512-c2UlYcAZp1VS8AORtpq6y4RJIkJ9dQz18W32SpR/qXGfLDZ2jU4y4wKvvZwqbi7U6gxFQTeE+urMbXU/tsDy4w==",
      "requires": {
        "async-limiter": "~1.0.0"
      }
    }
  }
}
